
Microsoft Visual Studio Solution File, Format Version 12.00
# Visual Studio Version 17
VisualStudioVersion = 17.9.34728.123
MinimumVisualStudioVersion = 10.0.40219.1
Project("{FAE04EC0-301F-11D3-BF4B-00C04F79EFBC}") = "fibonaccipilha", "fibonaccipilha\fibonaccipilha.csproj", "{61EBFA4A-8B67-44CC-89A2-399138ACA044}"
EndProject
Global
	GlobalSection(SolutionConfigurationPlatforms) = preSolution
		Debug|Any CPU = Debug|Any CPU
		Release|Any CPU = Release|Any CPU
	EndGlobalSection
	GlobalSection(ProjectConfigurationPlatforms) = postSolution
		{61EBFA4A-8B67-44CC-89A2-399138ACA044}.Debug|Any CPU.ActiveCfg = Debug|Any CPU
		{61EBFA4A-8B67-44CC-89A2-399138ACA044}.Debug|Any CPU.Build.0 = Debug|Any CPU
		{61EBFA4A-8B67-44CC-89A2-399138ACA044}.Release|Any CPU.ActiveCfg = Release|Any CPU
		{61EBFA4A-8B67-44CC-89A2-399138ACA044}.Release|Any CPU.Build.0 = Release|Any CPU
	EndGlobalSection
	GlobalSection(SolutionProperties) = preSolution
		HideSolutionNode = FALSE
	EndGlobalSection
	GlobalSection(ExtensibilityGlobals) = postSolution
		SolutionGuid = {B38782C7-98CE-42E9-A578-9080C2B0416B}
	EndGlobalSection
EndGlobal
